
Microsoft Visual Studio Solution File, Format Version 12.00
# Visual Studio 15
VisualStudioVersion = 15.0.28307.1062
MinimumVisualStudioVersion = 10.0.40219.1
Project("{FAE04EC0-301F-11D3-BF4B-00C04F79EFBC}") = "QLKhachSan", "QLKhachSan\QLKhachSan.csproj", "{434AA468-9EE2-4B3B-9F89-4B404151DD95}"
EndProject
Global
	GlobalSection(SolutionConfigurationPlatforms) = preSolution
		Debug|Any CPU = Debug|Any CPU
		Release|Any CPU = Release|Any CPU
	EndGlobalSection
	GlobalSection(ProjectConfigurationPlatforms) = postSolution
		{434AA468-9EE2-4B3B-9F89-4B404151DD95}.Debug|Any CPU.ActiveCfg = Debug|Any CPU
		{434AA468-9EE2-4B3B-9F89-4B404151DD95}.Debug|Any CPU.Build.0 = Debug|Any CPU
		{434AA468-9EE2-4B3B-9F89-4B404151DD95}.Release|Any CPU.ActiveCfg = Release|Any CPU
		{434AA468-9EE2-4B3B-9F89-4B404151DD95}.Release|Any CPU.Build.0 = Release|Any CPU
	EndGlobalSection
	GlobalSection(SolutionProperties) = preSolution
		HideSolutionNode = FALSE
	EndGlobalSection
	GlobalSection(ExtensibilityGlobals) = postSolution
		SolutionGuid = {C74D819C-4328-4B7F-960D-30EED0B8BB50}
	EndGlobalSection
EndGlobal
